
Microsoft Visual Studio Solution File, Format Version 12.00
# Visual Studio Version 16
VisualStudioVersion = 16.0.29424.173
MinimumVisualStudioVersion = 10.0.40219.1
Project("{9A19103F-16F7-4668-BE54-9A1E7A4F7556}") = "Csp.Bindings", "Csp.Bindings\Csp.Bindings.csproj", "{B4583EA1-5149-48E8-8B5E-5E08578E559D}"
EndProject
Project("{FAE04EC0-301F-11D3-BF4B-00C04F79EFBC}") = "Csp.Bindings.Test", "Csp.Bindings.Test\Csp.Bindings.Test.csproj", "{4A886469-10D2-4CC9-A7E9-467EB408EC9F}"
EndProject
Project("{FAE04EC0-301F-11D3-BF4B-00C04F79EFBC}") = "Csp.Events.Core", "Csp.Events.Core\Csp.Events.Core.csproj", "{BA53DB5A-62B3-4FB0-AAD1-8B2E283415B9}"
EndProject
Global
	GlobalSection(SolutionConfigurationPlatforms) = preSolution
		Debug|Any CPU = Debug|Any CPU
		Release|Any CPU = Release|Any CPU
	EndGlobalSection
	GlobalSection(ProjectConfigurationPlatforms) = postSolution
		{B4583EA1-5149-48E8-8B5E-5E08578E559D}.Debug|Any CPU.ActiveCfg = Debug|Any CPU
		{B4583EA1-5149-48E8-8B5E-5E08578E559D}.Debug|Any CPU.Build.0 = Debug|Any CPU
		{B4583EA1-5149-48E8-8B5E-5E08578E559D}.Release|Any CPU.ActiveCfg = Release|Any CPU
		{B4583EA1-5149-48E8-8B5E-5E08578E559D}.Release|Any CPU.Build.0 = Release|Any CPU
		{4A886469-10D2-4CC9-A7E9-467EB408EC9F}.Debug|Any CPU.ActiveCfg = Debug|Any CPU
		{4A886469-10D2-4CC9-A7E9-467EB408EC9F}.Debug|Any CPU.Build.0 = Debug|Any CPU
		{4A886469-10D2-4CC9-A7E9-467EB408EC9F}.Release|Any CPU.ActiveCfg = Release|Any CPU
		{4A886469-10D2-4CC9-A7E9-467EB408EC9F}.Release|Any CPU.Build.0 = Release|Any CPU
		{BA53DB5A-62B3-4FB0-AAD1-8B2E283415B9}.Debug|Any CPU.ActiveCfg = Debug|Any CPU
		{BA53DB5A-62B3-4FB0-AAD1-8B2E283415B9}.Debug|Any CPU.Build.0 = Debug|Any CPU
		{BA53DB5A-62B3-4FB0-AAD1-8B2E283415B9}.Release|Any CPU.ActiveCfg = Release|Any CPU
		{BA53DB5A-62B3-4FB0-AAD1-8B2E283415B9}.Release|Any CPU.Build.0 = Release|Any CPU
	EndGlobalSection
	GlobalSection(SolutionProperties) = preSolution
		HideSolutionNode = FALSE
	EndGlobalSection
	GlobalSection(ExtensibilityGlobals) = postSolution
		SolutionGuid = {545DE7DA-9C39-4FBA-9707-719047CF57EF}
	EndGlobalSection
EndGlobal
